// !$*UTF8*$!
{
	archiveVersion = 1;
	classes = {
	};
	objectVersion = 46;
	objects = {

/* Begin PBXBuildFile section */
		4FB8B91F37D14CE4BADB6E04 /* Pods_Blocker.framework in Frameworks */ = {isa = PBXBuildFile; fileRef = FB96FDE1EDD221A11D1CCA0D /* Pods_Blocker.framework */; };
		6C83596A1DE312FD0033A1BC /* AppDelegate.swift in Sources */ = {isa = PBXBuildFile; fileRef = 6C8359691DE312FD0033A1BC /* AppDelegate.swift */; };
		6C83596C1DE312FD0033A1BC /* ViewController.swift in Sources */ = {isa = PBXBuildFile; fileRef = 6C83596B1DE312FD0033A1BC /* ViewController.swift */; };
		6C83596F1DE312FD0033A1BC /* Main.storyboard in Resources */ = {isa = PBXBuildFile; fileRef = 6C83596D1DE312FD0033A1BC /* Main.storyboard */; };
		6C8359711DE312FD0033A1BC /* Assets.xcassets in Resources */ = {isa = PBXBuildFile; fileRef = 6C8359701DE312FD0033A1BC /* Assets.xcassets */; };
		6C8359741DE312FD0033A1BC /* LaunchScreen.storyboard in Resources */ = {isa = PBXBuildFile; fileRef = 6C8359721DE312FD0033A1BC /* LaunchScreen.storyboard */; };
		6C83597F1DE312FE0033A1BC /* BlahkerTests.swift in Sources */ = {isa = PBXBuildFile; fileRef = 6C83597E1DE312FE0033A1BC /* BlahkerTests.swift */; };
		6C83598A1DE312FE0033A1BC /* BlahkerUITests.swift in Sources */ = {isa = PBXBuildFile; fileRef = 6C8359891DE312FE0033A1BC /* BlahkerUITests.swift */; };
		6CC9F0CC1DE31341004142AC /* ContentBlocker.appex in Embed App Extensions */ = {isa = PBXBuildFile; fileRef = 6CC9F0C31DE31340004142AC /* ContentBlocker.appex */; settings = {ATTRIBUTES = (RemoveHeadersOnCopy, ); }; };
		6CF96A831DE9317500043471 /* ContentBlockerRequestHandler.swift in Sources */ = {isa = PBXBuildFile; fileRef = 6CF96A801DE9317500043471 /* ContentBlockerRequestHandler.swift */; };
		6CF96A841DE9317500043471 /* ContentBlockerRequestHandlerError.swift in Sources */ = {isa = PBXBuildFile; fileRef = 6CF96A811DE9317500043471 /* ContentBlockerRequestHandlerError.swift */; };
		6CF96A861DE931A100043471 /* ContentBlockerRequestHandlerError.swift in Sources */ = {isa = PBXBuildFile; fileRef = 6CF96A811DE9317500043471 /* ContentBlockerRequestHandlerError.swift */; };
		A4CA2C1461C332F85B093794 /* Pods_Blahker.framework in Frameworks */ = {isa = PBXBuildFile; fileRef = 27A17F0162ED74DB5B17620E /* Pods_Blahker.framework */; };
		E0256372EB4574400F0157B3 /* Pods_ContentBlocker.framework in Frameworks */ = {isa = PBXBuildFile; fileRef = FF7108E8E8E162B6988CFB8C /* Pods_ContentBlocker.framework */; };
/* End PBXBuildFile section */

/* Begin PBXContainerItemProxy section */
		6C83597B1DE312FE0033A1BC /* PBXContainerItemProxy */ = {
			isa = PBXContainerItemProxy;
			containerPortal = 6C83595E1DE312FD0033A1BC /* Project object */;
			proxyType = 1;
			remoteGlobalIDString = 6C8359651DE312FD0033A1BC;
			remoteInfo = Blahker;
		};
		6C8359861DE312FE0033A1BC /* PBXContainerItemProxy */ = {
			isa = PBXContainerItemProxy;
			containerPortal = 6C83595E1DE312FD0033A1BC /* Project object */;
			proxyType = 1;
			remoteGlobalIDString = 6C8359651DE312FD0033A1BC;
			remoteInfo = Blahker;
		};
		6CC9F0CA1DE31341004142AC /* PBXContainerItemProxy */ = {
			isa = PBXContainerItemProxy;
			containerPortal = 6C83595E1DE312FD0033A1BC /* Project object */;
			proxyType = 1;
			remoteGlobalIDString = 6CC9F0C21DE31340004142AC;
			remoteInfo = Blocker;
		};
/* End PBXContainerItemProxy section */

/* Begin PBXCopyFilesBuildPhase section */
		6CC9F0D01DE31341004142AC /* Embed App Extensions */ = {
			isa = PBXCopyFilesBuildPhase;
			buildActionMask = 2147483647;
			dstPath = "";
			dstSubfolderSpec = 13;
			files = (
				6CC9F0CC1DE31341004142AC /* ContentBlocker.appex in Embed App Extensions */,
			);
			name = "Embed App Extensions";
			runOnlyForDeploymentPostprocessing = 0;
		};
/* End PBXCopyFilesBuildPhase section */

/* Begin PBXFileReference section */
		1841932A702BF87CE681BFE3 /* Pods-Blahker.debug.xcconfig */ = {isa = PBXFileReference; includeInIndex = 1; lastKnownFileType = text.xcconfig; name = "Pods-Blahker.debug.xcconfig"; path = "Pods/Target Support Files/Pods-Blahker/Pods-Blahker.debug.xcconfig"; sourceTree = "<group>"; };
		27A17F0162ED74DB5B17620E /* Pods_Blahker.framework */ = {isa = PBXFileReference; explicitFileType = wrapper.framework; includeInIndex = 0; path = Pods_Blahker.framework; sourceTree = BUILT_PRODUCTS_DIR; };
		6C8359661DE312FD0033A1BC /* Blahker.app */ = {isa = PBXFileReference; explicitFileType = wrapper.application; includeInIndex = 0; path = Blahker.app; sourceTree = BUILT_PRODUCTS_DIR; };
		6C8359691DE312FD0033A1BC /* AppDelegate.swift */ = {isa = PBXFileReference; lastKnownFileType = sourcecode.swift; path = AppDelegate.swift; sourceTree = "<group>"; };
		6C83596B1DE312FD0033A1BC /* ViewController.swift */ = {isa = PBXFileReference; lastKnownFileType = sourcecode.swift; path = ViewController.swift; sourceTree = "<group>"; };
		6C83596E1DE312FD0033A1BC /* Base */ = {isa = PBXFileReference; lastKnownFileType = file.storyboard; name = Base; path = Base.lproj/Main.storyboard; sourceTree = "<group>"; };
		6C8359701DE312FD0033A1BC /* Assets.xcassets */ = {isa = PBXFileReference; lastKnownFileType = folder.assetcatalog; path = Assets.xcassets; sourceTree = "<group>"; };
		6C8359731DE312FD0033A1BC /* Base */ = {isa = PBXFileReference; lastKnownFileType = file.storyboard; name = Base; path = Base.lproj/LaunchScreen.storyboard; sourceTree = "<group>"; };
		6C8359751DE312FD0033A1BC /* Info.plist */ = {isa = PBXFileReference; lastKnownFileType = text.plist.xml; path = Info.plist; sourceTree = "<group>"; };
		6C83597A1DE312FE0033A1BC /* BlahkerTests.xctest */ = {isa = PBXFileReference; explicitFileType = wrapper.cfbundle; includeInIndex = 0; path = BlahkerTests.xctest; sourceTree = BUILT_PRODUCTS_DIR; };
		6C83597E1DE312FE0033A1BC /* BlahkerTests.swift */ = {isa = PBXFileReference; lastKnownFileType = sourcecode.swift; path = BlahkerTests.swift; sourceTree = "<group>"; };
		6C8359801DE312FE0033A1BC /* Info.plist */ = {isa = PBXFileReference; lastKnownFileType = text.plist.xml; path = Info.plist; sourceTree = "<group>"; };
		6C8359851DE312FE0033A1BC /* BlahkerUITests.xctest */ = {isa = PBXFileReference; explicitFileType = wrapper.cfbundle; includeInIndex = 0; path = BlahkerUITests.xctest; sourceTree = BUILT_PRODUCTS_DIR; };
		6C8359891DE312FE0033A1BC /* BlahkerUITests.swift */ = {isa = PBXFileReference; lastKnownFileType = sourcecode.swift; path = BlahkerUITests.swift; sourceTree = "<group>"; };
		6C83598B1DE312FE0033A1BC /* Info.plist */ = {isa = PBXFileReference; lastKnownFileType = text.plist.xml; path = Info.plist; sourceTree = "<group>"; };
		6CB80FEB1DE731770041AF1E /* Cocoa.framework */ = {isa = PBXFileReference; lastKnownFileType = wrapper.framework; name = Cocoa.framework; path = Library/Frameworks/Cocoa.framework; sourceTree = DEVELOPER_DIR; };
		6CC9F0C31DE31340004142AC /* ContentBlocker.appex */ = {isa = PBXFileReference; explicitFileType = "wrapper.app-extension"; includeInIndex = 0; path = ContentBlocker.appex; sourceTree = BUILT_PRODUCTS_DIR; };
		6CF96A801DE9317500043471 /* ContentBlockerRequestHandler.swift */ = {isa = PBXFileReference; fileEncoding = 4; lastKnownFileType = sourcecode.swift; path = ContentBlockerRequestHandler.swift; sourceTree = "<group>"; };
		6CF96A811DE9317500043471 /* ContentBlockerRequestHandlerError.swift */ = {isa = PBXFileReference; fileEncoding = 4; lastKnownFileType = sourcecode.swift; path = ContentBlockerRequestHandlerError.swift; sourceTree = "<group>"; };
		6CF96A821DE9317500043471 /* Info.plist */ = {isa = PBXFileReference; fileEncoding = 4; lastKnownFileType = text.plist.xml; path = Info.plist; sourceTree = "<group>"; };
		9E84BE4157704BDD08DA8AB4 /* Pods-Blahker.release.xcconfig */ = {isa = PBXFileReference; includeInIndex = 1; lastKnownFileType = text.xcconfig; name = "Pods-Blahker.release.xcconfig"; path = "Pods/Target Support Files/Pods-Blahker/Pods-Blahker.release.xcconfig"; sourceTree = "<group>"; };
		A47C15017A9253C17781A8CB /* Pods-Blocker.release.xcconfig */ = {isa = PBXFileReference; includeInIndex = 1; lastKnownFileType = text.xcconfig; name = "Pods-Blocker.release.xcconfig"; path = "Pods/Target Support Files/Pods-Blocker/Pods-Blocker.release.xcconfig"; sourceTree = "<group>"; };
		DBF6D6E14E990396618A7E84 /* Pods-ContentBlocker.debug.xcconfig */ = {isa = PBXFileReference; includeInIndex = 1; lastKnownFileType = text.xcconfig; name = "Pods-ContentBlocker.debug.xcconfig"; path = "Pods/Target Support Files/Pods-ContentBlocker/Pods-ContentBlocker.debug.xcconfig"; sourceTree = "<group>"; };
		E80BD677F061765EB87332E9 /* Pods-ContentBlocker.release.xcconfig */ = {isa = PBXFileReference; includeInIndex = 1; lastKnownFileType = text.xcconfig; name = "Pods-ContentBlocker.release.xcconfig"; path = "Pods/Target Support Files/Pods-ContentBlocker/Pods-ContentBlocker.release.xcconfig"; sourceTree = "<group>"; };
		F370564DEC3C7882E73A1239 /* Pods-Blocker.debug.xcconfig */ = {isa = PBXFileReference; includeInIndex = 1; lastKnownFileType = text.xcconfig; name = "Pods-Blocker.debug.xcconfig"; path = "Pods/Target Support Files/Pods-Blocker/Pods-Blocker.debug.xcconfig"; sourceTree = "<group>"; };
		FB96FDE1EDD221A11D1CCA0D /* Pods_Blocker.framework */ = {isa = PBXFileReference; explicitFileType = wrapper.framework; includeInIndex = 0; path = Pods_Blocker.framework; sourceTree = BUILT_PRODUCTS_DIR; };
		FF7108E8E8E162B6988CFB8C /* Pods_ContentBlocker.framework */ = {isa = PBXFileReference; explicitFileType = wrapper.framework; includeInIndex = 0; path = Pods_ContentBlocker.framework; sourceTree = BUILT_PRODUCTS_DIR; };
/* End PBXFileReference section */

/* Begin PBXFrameworksBuildPhase section */
		6C8359631DE312FD0033A1BC /* Frameworks */ = {
			isa = PBXFrameworksBuildPhase;
			buildActionMask = 2147483647;
			files = (
				A4CA2C1461C332F85B093794 /* Pods_Blahker.framework in Frameworks */,
			);
			runOnlyForDeploymentPostprocessing = 0;
		};
		6C8359771DE312FE0033A1BC /* Frameworks */ = {
			isa = PBXFrameworksBuildPhase;
			buildActionMask = 2147483647;
			files = (
			);
			runOnlyForDeploymentPostprocessing = 0;
		};
		6C8359821DE312FE0033A1BC /* Frameworks */ = {
			isa = PBXFrameworksBuildPhase;
			buildActionMask = 2147483647;
			files = (
			);
			runOnlyForDeploymentPostprocessing = 0;
		};
		6CC9F0C01DE31340004142AC /* Frameworks */ = {
			isa = PBXFrameworksBuildPhase;
			buildActionMask = 2147483647;
			files = (
				4FB8B91F37D14CE4BADB6E04 /* Pods_Blocker.framework in Frameworks */,
				E0256372EB4574400F0157B3 /* Pods_ContentBlocker.framework in Frameworks */,
			);
			runOnlyForDeploymentPostprocessing = 0;
		};
/* End PBXFrameworksBuildPhase section */

/* Begin PBXGroup section */
		6C83595D1DE312FD0033A1BC = {
			isa = PBXGroup;
			children = (
				6C8359681DE312FD0033A1BC /* Blahker */,
				6C83597D1DE312FE0033A1BC /* BlahkerTests */,
				6C8359881DE312FE0033A1BC /* BlahkerUITests */,
				6CF96A7F1DE9317500043471 /* ContentBlocker */,
				6C8359671DE312FD0033A1BC /* Products */,
				83584EA058C8F53ED835CC05 /* Pods */,
				A9F0680BACD2550082B0390C /* Frameworks */,
			);
			sourceTree = "<group>";
		};
		6C8359671DE312FD0033A1BC /* Products */ = {
			isa = PBXGroup;
			children = (
				6C8359661DE312FD0033A1BC /* Blahker.app */,
				6C83597A1DE312FE0033A1BC /* BlahkerTests.xctest */,
				6C8359851DE312FE0033A1BC /* BlahkerUITests.xctest */,
				6CC9F0C31DE31340004142AC /* ContentBlocker.appex */,
			);
			name = Products;
			sourceTree = "<group>";
		};
		6C8359681DE312FD0033A1BC /* Blahker */ = {
			isa = PBXGroup;
			children = (
				6C8359691DE312FD0033A1BC /* AppDelegate.swift */,
				6C83596B1DE312FD0033A1BC /* ViewController.swift */,
				6C83596D1DE312FD0033A1BC /* Main.storyboard */,
				6C8359701DE312FD0033A1BC /* Assets.xcassets */,
				6C8359721DE312FD0033A1BC /* LaunchScreen.storyboard */,
				6C8359751DE312FD0033A1BC /* Info.plist */,
			);
			path = Blahker;
			sourceTree = "<group>";
		};
		6C83597D1DE312FE0033A1BC /* BlahkerTests */ = {
			isa = PBXGroup;
			children = (
				6C83597E1DE312FE0033A1BC /* BlahkerTests.swift */,
				6C8359801DE312FE0033A1BC /* Info.plist */,
			);
			path = BlahkerTests;
			sourceTree = "<group>";
		};
		6C8359881DE312FE0033A1BC /* BlahkerUITests */ = {
			isa = PBXGroup;
			children = (
				6C8359891DE312FE0033A1BC /* BlahkerUITests.swift */,
				6C83598B1DE312FE0033A1BC /* Info.plist */,
			);
			path = BlahkerUITests;
			sourceTree = "<group>";
		};
		6CF96A7F1DE9317500043471 /* ContentBlocker */ = {
			isa = PBXGroup;
			children = (
				6CF96A801DE9317500043471 /* ContentBlockerRequestHandler.swift */,
				6CF96A811DE9317500043471 /* ContentBlockerRequestHandlerError.swift */,
				6CF96A821DE9317500043471 /* Info.plist */,
			);
			path = ContentBlocker;
			sourceTree = "<group>";
		};
		83584EA058C8F53ED835CC05 /* Pods */ = {
			isa = PBXGroup;
			children = (
				1841932A702BF87CE681BFE3 /* Pods-Blahker.debug.xcconfig */,
				9E84BE4157704BDD08DA8AB4 /* Pods-Blahker.release.xcconfig */,
				F370564DEC3C7882E73A1239 /* Pods-Blocker.debug.xcconfig */,
				A47C15017A9253C17781A8CB /* Pods-Blocker.release.xcconfig */,
				DBF6D6E14E990396618A7E84 /* Pods-ContentBlocker.debug.xcconfig */,
				E80BD677F061765EB87332E9 /* Pods-ContentBlocker.release.xcconfig */,
			);
			name = Pods;
			sourceTree = "<group>";
		};
		A9F0680BACD2550082B0390C /* Frameworks */ = {
			isa = PBXGroup;
			children = (
				27A17F0162ED74DB5B17620E /* Pods_Blahker.framework */,
				FB96FDE1EDD221A11D1CCA0D /* Pods_Blocker.framework */,
				6CB80FEB1DE731770041AF1E /* Cocoa.framework */,
				FF7108E8E8E162B6988CFB8C /* Pods_ContentBlocker.framework */,
			);
			name = Frameworks;
			sourceTree = "<group>";
		};
/* End PBXGroup section */

/* Begin PBXNativeTarget section */
		6C8359651DE312FD0033A1BC /* Blahker */ = {
			isa = PBXNativeTarget;
			buildConfigurationList = 6C83598E1DE312FE0033A1BC /* Build configuration list for PBXNativeTarget "Blahker" */;
			buildPhases = (
				6B311157DAEECD3AF22BD116 /* [CP] Check Pods Manifest.lock */,
				6C8359621DE312FD0033A1BC /* Sources */,
				6C8359631DE312FD0033A1BC /* Frameworks */,
				6C8359641DE312FD0033A1BC /* Resources */,
				6CC9F0D01DE31341004142AC /* Embed App Extensions */,
				74BF6C5205F54990EEF16002 /* [CP] Embed Pods Frameworks */,
				E329968122A59BE2649D3A33 /* [CP] Copy Pods Resources */,
			);
			buildRules = (
			);
			dependencies = (
				6CC9F0CB1DE31341004142AC /* PBXTargetDependency */,
			);
			name = Blahker;
			productName = Blahker;
			productReference = 6C8359661DE312FD0033A1BC /* Blahker.app */;
			productType = "com.apple.product-type.application";
		};
		6C8359791DE312FE0033A1BC /* BlahkerTests */ = {
			isa = PBXNativeTarget;
			buildConfigurationList = 6C8359911DE312FE0033A1BC /* Build configuration list for PBXNativeTarget "BlahkerTests" */;
			buildPhases = (
				6C8359761DE312FE0033A1BC /* Sources */,
				6C8359771DE312FE0033A1BC /* Frameworks */,
				6C8359781DE312FE0033A1BC /* Resources */,
			);
			buildRules = (
			);
			dependencies = (
				6C83597C1DE312FE0033A1BC /* PBXTargetDependency */,
			);
			name = BlahkerTests;
			productName = BlahkerTests;
			productReference = 6C83597A1DE312FE0033A1BC /* BlahkerTests.xctest */;
			productType = "com.apple.product-type.bundle.unit-test";
		};
		6C8359841DE312FE0033A1BC /* BlahkerUITests */ = {
			isa = PBXNativeTarget;
			buildConfigurationList = 6C8359941DE312FE0033A1BC /* Build configuration list for PBXNativeTarget "BlahkerUITests" */;
			buildPhases = (
				6C8359811DE312FE0033A1BC /* Sources */,
				6C8359821DE312FE0033A1BC /* Frameworks */,
				6C8359831DE312FE0033A1BC /* Resources */,
			);
			buildRules = (
			);
			dependencies = (
				6C8359871DE312FE0033A1BC /* PBXTargetDependency */,
			);
			name = BlahkerUITests;
			productName = BlahkerUITests;
			productReference = 6C8359851DE312FE0033A1BC /* BlahkerUITests.xctest */;
			productType = "com.apple.product-type.bundle.ui-testing";
		};
		6CC9F0C21DE31340004142AC /* ContentBlocker */ = {
			isa = PBXNativeTarget;
			buildConfigurationList = 6CC9F0CF1DE31341004142AC /* Build configuration list for PBXNativeTarget "ContentBlocker" */;
			buildPhases = (
				F7F32AD147F28D59A967D8E2 /* [CP] Check Pods Manifest.lock */,
				6CC9F0BF1DE31340004142AC /* Sources */,
				6CC9F0C01DE31340004142AC /* Frameworks */,
				6CC9F0C11DE31340004142AC /* Resources */,
				521F68A222D0D3BC63BB68E0 /* [CP] Copy Pods Resources */,
			);
			buildRules = (
			);
			dependencies = (
			);
			name = ContentBlocker;
			productName = Blocker;
			productReference = 6CC9F0C31DE31340004142AC /* ContentBlocker.appex */;
			productType = "com.apple.product-type.app-extension";
		};
/* End PBXNativeTarget section */

/* Begin PBXProject section */
		6C83595E1DE312FD0033A1BC /* Project object */ = {
			isa = PBXProject;
			attributes = {
				LastSwiftUpdateCheck = 0810;
				LastUpgradeCheck = 0810;
				ORGANIZATIONNAME = "Elaborapp Co., Ltd.";
				TargetAttributes = {
					6C8359651DE312FD0033A1BC = {
						CreatedOnToolsVersion = 8.1;
						DevelopmentTeam = SE9N6X5V7C;
						ProvisioningStyle = Automatic;
					};
					6C8359791DE312FE0033A1BC = {
						CreatedOnToolsVersion = 8.1;
						DevelopmentTeam = SE9N6X5V7C;
						ProvisioningStyle = Automatic;
						TestTargetID = 6C8359651DE312FD0033A1BC;
					};
					6C8359841DE312FE0033A1BC = {
						CreatedOnToolsVersion = 8.1;
						DevelopmentTeam = SE9N6X5V7C;
						ProvisioningStyle = Automatic;
						TestTargetID = 6C8359651DE312FD0033A1BC;
					};
					6CC9F0C21DE31340004142AC = {
						CreatedOnToolsVersion = 8.2;
						DevelopmentTeam = SE9N6X5V7C;
						ProvisioningStyle = Automatic;
					};
				};
			};
			buildConfigurationList = 6C8359611DE312FD0033A1BC /* Build configuration list for PBXProject "Blahker" */;
			compatibilityVersion = "Xcode 3.2";
			developmentRegion = English;
			hasScannedForEncodings = 0;
			knownRegions = (
				en,
				Base,
			);
			mainGroup = 6C83595D1DE312FD0033A1BC;
			productRefGroup = 6C8359671DE312FD0033A1BC /* Products */;
			projectDirPath = "";
			projectRoot = "";
			targets = (
				6C8359651DE312FD0033A1BC /* Blahker */,
				6C8359791DE312FE0033A1BC /* BlahkerTests */,
				6C8359841DE312FE0033A1BC /* BlahkerUITests */,
				6CC9F0C21DE31340004142AC /* ContentBlocker */,
			);
		};
/* End PBXProject section */

/* Begin PBXResourcesBuildPhase section */
		6C8359641DE312FD0033A1BC /* Resources */ = {
			isa = PBXResourcesBuildPhase;
			buildActionMask = 2147483647;
			files = (
				6C8359741DE312FD0033A1BC /* LaunchScreen.storyboard in Resources */,
				6C8359711DE312FD0033A1BC /* Assets.xcassets in Resources */,
				6C83596F1DE312FD0033A1BC /* Main.storyboard in Resources */,
			);
			runOnlyForDeploymentPostprocessing = 0;
		};
		6C8359781DE312FE0033A1BC /* Resources */ = {
			isa = PBXResourcesBuildPhase;
			buildActionMask = 2147483647;
			files = (
			);
			runOnlyForDeploymentPostprocessing = 0;
		};
		6C8359831DE312FE0033A1BC /* Resources */ = {
			isa = PBXResourcesBuildPhase;
			buildActionMask = 2147483647;
			files = (
			);
			runOnlyForDeploymentPostprocessing = 0;
		};
		6CC9F0C11DE31340004142AC /* Resources */ = {
			isa = PBXResourcesBuildPhase;
			buildActionMask = 2147483647;
			files = (
			);
			runOnlyForDeploymentPostprocessing = 0;
		};
/* End PBXResourcesBuildPhase section */

/* Begin PBXShellScriptBuildPhase section */
		521F68A222D0D3BC63BB68E0 /* [CP] Copy Pods Resources */ = {
			isa = PBXShellScriptBuildPhase;
			buildActionMask = 2147483647;
			files = (
			);
			inputPaths = (
			);
			name = "[CP] Copy Pods Resources";
			outputPaths = (
			);
			runOnlyForDeploymentPostprocessing = 0;
			shellPath = /bin/sh;
			shellScript = "\"${SRCROOT}/Pods/Target Support Files/Pods-ContentBlocker/Pods-ContentBlocker-resources.sh\"\n";
			showEnvVarsInLog = 0;
		};
		6B311157DAEECD3AF22BD116 /* [CP] Check Pods Manifest.lock */ = {
			isa = PBXShellScriptBuildPhase;
			buildActionMask = 2147483647;
			files = (
			);
			inputPaths = (
			);
			name = "[CP] Check Pods Manifest.lock";
			outputPaths = (
			);
			runOnlyForDeploymentPostprocessing = 0;
			shellPath = /bin/sh;
			shellScript = "diff \"${PODS_ROOT}/../Podfile.lock\" \"${PODS_ROOT}/Manifest.lock\" > /dev/null\nif [ $? != 0 ] ; then\n    # print error to STDERR\n    echo \"error: The sandbox is not in sync with the Podfile.lock. Run 'pod install' or update your CocoaPods installation.\" >&2\n    exit 1\nfi\n";
			showEnvVarsInLog = 0;
		};
		74BF6C5205F54990EEF16002 /* [CP] Embed Pods Frameworks */ = {
			isa = PBXShellScriptBuildPhase;
			buildActionMask = 2147483647;
			files = (
			);
			inputPaths = (
			);
			name = "[CP] Embed Pods Frameworks";
			outputPaths = (
			);
			runOnlyForDeploymentPostprocessing = 0;
			shellPath = /bin/sh;
			shellScript = "\"${SRCROOT}/Pods/Target Support Files/Pods-Blahker/Pods-Blahker-frameworks.sh\"\n";
			showEnvVarsInLog = 0;
		};
		E329968122A59BE2649D3A33 /* [CP] Copy Pods Resources */ = {
			isa = PBXShellScriptBuildPhase;
			buildActionMask = 2147483647;
			files = (
			);
			inputPaths = (
			);
			name = "[CP] Copy Pods Resources";
			outputPaths = (
			);
			runOnlyForDeploymentPostprocessing = 0;
			shellPath = /bin/sh;
			shellScript = "\"${SRCROOT}/Pods/Target Support Files/Pods-Blahker/Pods-Blahker-resources.sh\"\n";
			showEnvVarsInLog = 0;
		};
		F7F32AD147F28D59A967D8E2 /* [CP] Check Pods Manifest.lock */ = {
			isa = PBXShellScriptBuildPhase;
			buildActionMask = 2147483647;
			files = (
			);
			inputPaths = (
			);
			name = "[CP] Check Pods Manifest.lock";
			outputPaths = (
			);
			runOnlyForDeploymentPostprocessing = 0;
			shellPath = /bin/sh;
			shellScript = "diff \"${PODS_ROOT}/../Podfile.lock\" \"${PODS_ROOT}/Manifest.lock\" > /dev/null\nif [ $? != 0 ] ; then\n    # print error to STDERR\n    echo \"error: The sandbox is not in sync with the Podfile.lock. Run 'pod install' or update your CocoaPods installation.\" >&2\n    exit 1\nfi\n";
			showEnvVarsInLog = 0;
		};
/* End PBXShellScriptBuildPhase section */

/* Begin PBXSourcesBuildPhase section */
		6C8359621DE312FD0033A1BC /* Sources */ = {
			isa = PBXSourcesBuildPhase;
			buildActionMask = 2147483647;
			files = (
				6C83596C1DE312FD0033A1BC /* ViewController.swift in Sources */,
				6C83596A1DE312FD0033A1BC /* AppDelegate.swift in Sources */,
				6CF96A861DE931A100043471 /* ContentBlockerRequestHandlerError.swift in Sources */,
			);
			runOnlyForDeploymentPostprocessing = 0;
		};
		6C8359761DE312FE0033A1BC /* Sources */ = {
			isa = PBXSourcesBuildPhase;
			buildActionMask = 2147483647;
			files = (
				6C83597F1DE312FE0033A1BC /* BlahkerTests.swift in Sources */,
			);
			runOnlyForDeploymentPostprocessing = 0;
		};
		6C8359811DE312FE0033A1BC /* Sources */ = {
			isa = PBXSourcesBuildPhase;
			buildActionMask = 2147483647;
			files = (
				6C83598A1DE312FE0033A1BC /* BlahkerUITests.swift in Sources */,
			);
			runOnlyForDeploymentPostprocessing = 0;
		};
		6CC9F0BF1DE31340004142AC /* Sources */ = {
			isa = PBXSourcesBuildPhase;
			buildActionMask = 2147483647;
			files = (
				6CF96A841DE9317500043471 /* ContentBlockerRequestHandlerError.swift in Sources */,
				6CF96A831DE9317500043471 /* ContentBlockerRequestHandler.swift in Sources */,
			);
			runOnlyForDeploymentPostprocessing = 0;
		};
/* End PBXSourcesBuildPhase section */

/* Begin PBXTargetDependency section */
		6C83597C1DE312FE0033A1BC /* PBXTargetDependency */ = {
			isa = PBXTargetDependency;
			target = 6C8359651DE312FD0033A1BC /* Blahker */;
			targetProxy = 6C83597B1DE312FE0033A1BC /* PBXContainerItemProxy */;
		};
		6C8359871DE312FE0033A1BC /* PBXTargetDependency */ = {
			isa = PBXTargetDependency;
			target = 6C8359651DE312FD0033A1BC /* Blahker */;
			targetProxy = 6C8359861DE312FE0033A1BC /* PBXContainerItemProxy */;
		};
		6CC9F0CB1DE31341004142AC /* PBXTargetDependency */ = {
			isa = PBXTargetDependency;
			target = 6CC9F0C21DE31340004142AC /* ContentBlocker */;
			targetProxy = 6CC9F0CA1DE31341004142AC /* PBXContainerItemProxy */;
		};
/* End PBXTargetDependency section */

/* Begin PBXVariantGroup section */
		6C83596D1DE312FD0033A1BC /* Main.storyboard */ = {
			isa = PBXVariantGroup;
			children = (
				6C83596E1DE312FD0033A1BC /* Base */,
			);
			name = Main.storyboard;
			sourceTree = "<group>";
		};
		6C8359721DE312FD0033A1BC /* LaunchScreen.storyboard */ = {
			isa = PBXVariantGroup;
			children = (
				6C8359731DE312FD0033A1BC /* Base */,
			);
			name = LaunchScreen.storyboard;
			sourceTree = "<group>";
		};
/* End PBXVariantGroup section */

/* Begin XCBuildConfiguration section */
		6C83598C1DE312FE0033A1BC /* Debug */ = {
			isa = XCBuildConfiguration;
			buildSettings = {
				ALWAYS_SEARCH_USER_PATHS = NO;
				CLANG_ANALYZER_NONNULL = YES;
				CLANG_CXX_LANGUAGE_STANDARD = "gnu++0x";
				CLANG_CXX_LIBRARY = "libc++";
				CLANG_ENABLE_MODULES = YES;
				CLANG_ENABLE_OBJC_ARC = YES;
				CLANG_WARN_BOOL_CONVERSION = YES;
				CLANG_WARN_CONSTANT_CONVERSION = YES;
				CLANG_WARN_DIRECT_OBJC_ISA_USAGE = YES_ERROR;
				CLANG_WARN_DOCUMENTATION_COMMENTS = YES;
				CLANG_WARN_EMPTY_BODY = YES;
				CLANG_WARN_ENUM_CONVERSION = YES;
				CLANG_WARN_INFINITE_RECURSION = YES;
				CLANG_WARN_INT_CONVERSION = YES;
				CLANG_WARN_OBJC_ROOT_CLASS = YES_ERROR;
				CLANG_WARN_SUSPICIOUS_MOVES = YES;
				CLANG_WARN_UNREACHABLE_CODE = YES;
				CLANG_WARN__DUPLICATE_METHOD_MATCH = YES;
				"CODE_SIGN_IDENTITY[sdk=iphoneos*]" = "iPhone Developer";
				COPY_PHASE_STRIP = NO;
				DEBUG_INFORMATION_FORMAT = dwarf;
				ENABLE_STRICT_OBJC_MSGSEND = YES;
				ENABLE_TESTABILITY = YES;
				GCC_C_LANGUAGE_STANDARD = gnu99;
				GCC_DYNAMIC_NO_PIC = NO;
				GCC_NO_COMMON_BLOCKS = YES;
				GCC_OPTIMIZATION_LEVEL = 0;
				GCC_PREPROCESSOR_DEFINITIONS = (
					"DEBUG=1",
					"$(inherited)",
				);
				GCC_WARN_64_TO_32_BIT_CONVERSION = YES;
				GCC_WARN_ABOUT_RETURN_TYPE = YES_ERROR;
				GCC_WARN_UNDECLARED_SELECTOR = YES;
				GCC_WARN_UNINITIALIZED_AUTOS = YES_AGGRESSIVE;
				GCC_WARN_UNUSED_FUNCTION = YES;
				GCC_WARN_UNUSED_VARIABLE = YES;
				IPHONEOS_DEPLOYMENT_TARGET = 9.0;
				MTL_ENABLE_DEBUG_INFO = YES;
				ONLY_ACTIVE_ARCH = YES;
				SDKROOT = iphoneos;
				SWIFT_ACTIVE_COMPILATION_CONDITIONS = DEBUG;
				SWIFT_OPTIMIZATION_LEVEL = "-Onone";
				TARGETED_DEVICE_FAMILY = "1,2";
			};
			name = Debug;
		};
		6C83598D1DE312FE0033A1BC /* Release */ = {
			isa = XCBuildConfiguration;
			buildSettings = {
				ALWAYS_SEARCH_USER_PATHS = NO;
				CLANG_ANALYZER_NONNULL = YES;
				CLANG_CXX_LANGUAGE_STANDARD = "gnu++0x";
				CLANG_CXX_LIBRARY = "libc++";
				CLANG_ENABLE_MODULES = YES;
				CLANG_ENABLE_OBJC_ARC = YES;
				CLANG_WARN_BOOL_CONVERSION = YES;
				CLANG_WARN_CONSTANT_CONVERSION = YES;
				CLANG_WARN_DIRECT_OBJC_ISA_USAGE = YES_ERROR;
				CLANG_WARN_DOCUMENTATION_COMMENTS = YES;
				CLANG_WARN_EMPTY_BODY = YES;
				CLANG_WARN_ENUM_CONVERSION = YES;
				CLANG_WARN_INFINITE_RECURSION = YES;
				CLANG_WARN_INT_CONVERSION = YES;
				CLANG_WARN_OBJC_ROOT_CLASS = YES_ERROR;
				CLANG_WARN_SUSPICIOUS_MOVES = YES;
				CLANG_WARN_UNREACHABLE_CODE = YES;
				CLANG_WARN__DUPLICATE_METHOD_MATCH = YES;
				"CODE_SIGN_IDENTITY[sdk=iphoneos*]" = "iPhone Developer";
				COPY_PHASE_STRIP = NO;
				DEBUG_INFORMATION_FORMAT = "dwarf-with-dsym";
				ENABLE_NS_ASSERTIONS = NO;
				ENABLE_STRICT_OBJC_MSGSEND = YES;
				GCC_C_LANGUAGE_STANDARD = gnu99;
				GCC_NO_COMMON_BLOCKS = YES;
				GCC_WARN_64_TO_32_BIT_CONVERSION = YES;
				GCC_WARN_ABOUT_RETURN_TYPE = YES_ERROR;
				GCC_WARN_UNDECLARED_SELECTOR = YES;
				GCC_WARN_UNINITIALIZED_AUTOS = YES_AGGRESSIVE;
				GCC_WARN_UNUSED_FUNCTION = YES;
				GCC_WARN_UNUSED_VARIABLE = YES;
				IPHONEOS_DEPLOYMENT_TARGET = 9.0;
				MTL_ENABLE_DEBUG_INFO = NO;
				SDKROOT = iphoneos;
				SWIFT_OPTIMIZATION_LEVEL = "-Owholemodule";
				TARGETED_DEVICE_FAMILY = "1,2";
				VALIDATE_PRODUCT = YES;
			};
			name = Release;
		};
		6C83598F1DE312FE0033A1BC /* Debug */ = {
			isa = XCBuildConfiguration;
			baseConfigurationReference = 1841932A702BF87CE681BFE3 /* Pods-Blahker.debug.xcconfig */;
			buildSettings = {
				ALWAYS_EMBED_SWIFT_STANDARD_LIBRARIES = YES;
				ASSETCATALOG_COMPILER_APPICON_NAME = AppIcon;
				DEVELOPMENT_TEAM = SE9N6X5V7C;
				INFOPLIST_FILE = Blahker/Info.plist;
				LD_RUNPATH_SEARCH_PATHS = "$(inherited) @executable_path/Frameworks";
				PRODUCT_BUNDLE_IDENTIFIER = com.elaborapp.Blahker;
				PRODUCT_NAME = "$(TARGET_NAME)";
				SWIFT_VERSION = 3.0;
			};
			name = Debug;
		};
		6C8359901DE312FE0033A1BC /* Release */ = {
			isa = XCBuildConfiguration;
			baseConfigurationReference = 9E84BE4157704BDD08DA8AB4 /* Pods-Blahker.release.xcconfig */;
			buildSettings = {
				ALWAYS_EMBED_SWIFT_STANDARD_LIBRARIES = YES;
				ASSETCATALOG_COMPILER_APPICON_NAME = AppIcon;
				DEVELOPMENT_TEAM = SE9N6X5V7C;
				INFOPLIST_FILE = Blahker/Info.plist;
				LD_RUNPATH_SEARCH_PATHS = "$(inherited) @executable_path/Frameworks";
				PRODUCT_BUNDLE_IDENTIFIER = com.elaborapp.Blahker;
				PRODUCT_NAME = "$(TARGET_NAME)";
				SWIFT_VERSION = 3.0;
			};
			name = Release;
		};
		6C8359921DE312FE0033A1BC /* Debug */ = {
			isa = XCBuildConfiguration;
			buildSettings = {
				ALWAYS_EMBED_SWIFT_STANDARD_LIBRARIES = YES;
				BUNDLE_LOADER = "$(TEST_HOST)";
				DEVELOPMENT_TEAM = SE9N6X5V7C;
				INFOPLIST_FILE = BlahkerTests/Info.plist;
				LD_RUNPATH_SEARCH_PATHS = "$(inherited) @executable_path/Frameworks @loader_path/Frameworks";
				PRODUCT_BUNDLE_IDENTIFIER = com.elaborapp.BlahkerTests;
				PRODUCT_NAME = "$(TARGET_NAME)";
				SWIFT_VERSION = 3.0;
				TEST_HOST = "$(BUILT_PRODUCTS_DIR)/Blahker.app/Blahker";
			};
			name = Debug;
		};
		6C8359931DE312FE0033A1BC /* Release */ = {
			isa = XCBuildConfiguration;
			buildSettings = {
				ALWAYS_EMBED_SWIFT_STANDARD_LIBRARIES = YES;
				BUNDLE_LOADER = "$(TEST_HOST)";
				DEVELOPMENT_TEAM = SE9N6X5V7C;
				INFOPLIST_FILE = BlahkerTests/Info.plist;
				LD_RUNPATH_SEARCH_PATHS = "$(inherited) @executable_path/Frameworks @loader_path/Frameworks";
				PRODUCT_BUNDLE_IDENTIFIER = com.elaborapp.BlahkerTests;
				PRODUCT_NAME = "$(TARGET_NAME)";
				SWIFT_VERSION = 3.0;
				TEST_HOST = "$(BUILT_PRODUCTS_DIR)/Blahker.app/Blahker";
			};
			name = Release;
		};
		6C8359951DE312FE0033A1BC /* Debug */ = {
			isa = XCBuildConfiguration;
			buildSettings = {
				ALWAYS_EMBED_SWIFT_STANDARD_LIBRARIES = YES;
				DEVELOPMENT_TEAM = SE9N6X5V7C;
				INFOPLIST_FILE = BlahkerUITests/Info.plist;
				LD_RUNPATH_SEARCH_PATHS = "$(inherited) @executable_path/Frameworks @loader_path/Frameworks";
				PRODUCT_BUNDLE_IDENTIFIER = com.elaborapp.BlahkerUITests;
				PRODUCT_NAME = "$(TARGET_NAME)";
				SWIFT_VERSION = 3.0;
				TEST_TARGET_NAME = Blahker;
			};
			name = Debug;
		};
		6C8359961DE312FE0033A1BC /* Release */ = {
			isa = XCBuildConfiguration;
			buildSettings = {
				ALWAYS_EMBED_SWIFT_STANDARD_LIBRARIES = YES;
				DEVELOPMENT_TEAM = SE9N6X5V7C;
				INFOPLIST_FILE = BlahkerUITests/Info.plist;
				LD_RUNPATH_SEARCH_PATHS = "$(inherited) @executable_path/Frameworks @loader_path/Frameworks";
				PRODUCT_BUNDLE_IDENTIFIER = com.elaborapp.BlahkerUITests;
				PRODUCT_NAME = "$(TARGET_NAME)";
				SWIFT_VERSION = 3.0;
				TEST_TARGET_NAME = Blahker;
			};
			name = Release;
		};
		6CC9F0CD1DE31341004142AC /* Debug */ = {
			isa = XCBuildConfiguration;
			baseConfigurationReference = DBF6D6E14E990396618A7E84 /* Pods-ContentBlocker.debug.xcconfig */;
			buildSettings = {
				ARCHS = "$(ARCHS_STANDARD_64_BIT)";
				CLANG_WARN_SUSPICIOUS_MOVE = YES;
				DEVELOPMENT_TEAM = SE9N6X5V7C;
				INFOPLIST_FILE = "$(SRCROOT)/ContentBlocker/Info.plist";
				IPHONEOS_DEPLOYMENT_TARGET = 9.0;
				LD_RUNPATH_SEARCH_PATHS = "$(inherited) @executable_path/Frameworks @executable_path/../../Frameworks";
				PRODUCT_BUNDLE_IDENTIFIER = com.elaborapp.Blahker.ContentBlocker;
				PRODUCT_NAME = "$(TARGET_NAME)";
				SKIP_INSTALL = YES;
				SWIFT_VERSION = 3.0;
			};
			name = Debug;
		};
		6CC9F0CE1DE31341004142AC /* Release */ = {
			isa = XCBuildConfiguration;
			baseConfigurationReference = E80BD677F061765EB87332E9 /* Pods-ContentBlocker.release.xcconfig */;
			buildSettings = {
				ARCHS = "$(ARCHS_STANDARD_64_BIT)";
				CLANG_WARN_SUSPICIOUS_MOVE = YES;
				DEVELOPMENT_TEAM = SE9N6X5V7C;
				INFOPLIST_FILE = "$(SRCROOT)/ContentBlocker/Info.plist";
				IPHONEOS_DEPLOYMENT_TARGET = 9.0;
				LD_RUNPATH_SEARCH_PATHS = "$(inherited) @executable_path/Frameworks @executable_path/../../Frameworks";
				PRODUCT_BUNDLE_IDENTIFIER = com.elaborapp.Blahker.ContentBlocker;
				PRODUCT_NAME = "$(TARGET_NAME)";
				SKIP_INSTALL = YES;
				SWIFT_VERSION = 3.0;
			};
			name = Release;
		};
/* End XCBuildConfiguration section */

/* Begin XCConfigurationList section */
		6C8359611DE312FD0033A1BC /* Build configuration list for PBXProject "Blahker" */ = {
			isa = XCConfigurationList;
			buildConfigurations = (
				6C83598C1DE312FE0033A1BC /* Debug */,
				6C83598D1DE312FE0033A1BC /* Release */,
			);
			defaultConfigurationIsVisible = 0;
			defaultConfigurationName = Release;
		};
		6C83598E1DE312FE0033A1BC /* Build configuration list for PBXNativeTarget "Blahker" */ = {
			isa = XCConfigurationList;
			buildConfigurations = (
				6C83598F1DE312FE0033A1BC /* Debug */,
				6C8359901DE312FE0033A1BC /* Release */,
			);
			defaultConfigurationIsVisible = 0;
			defaultConfigurationName = Release;
		};
		6C8359911DE312FE0033A1BC /* Build configuration list for PBXNativeTarget "BlahkerTests" */ = {
			isa = XCConfigurationList;
			buildConfigurations = (
				6C8359921DE312FE0033A1BC /* Debug */,
				6C8359931DE312FE0033A1BC /* Release */,
			);
			defaultConfigurationIsVisible = 0;
			defaultConfigurationName = Release;
		};
		6C8359941DE312FE0033A1BC /* Build configuration list for PBXNativeTarget "BlahkerUITests" */ = {
			isa = XCConfigurationList;
			buildConfigurations = (
				6C8359951DE312FE0033A1BC /* Debug */,
				6C8359961DE312FE0033A1BC /* Release */,
			);
			defaultConfigurationIsVisible = 0;
			defaultConfigurationName = Release;
		};
		6CC9F0CF1DE31341004142AC /* Build configuration list for PBXNativeTarget "ContentBlocker" */ = {
			isa = XCConfigurationList;
			buildConfigurations = (
				6CC9F0CD1DE31341004142AC /* Debug */,
				6CC9F0CE1DE31341004142AC /* Release */,
			);
			defaultConfigurationIsVisible = 0;
			defaultConfigurationName = Release;
		};
/* End XCConfigurationList section */
	};
	rootObject = 6C83595E1DE312FD0033A1BC /* Project object */;
}
