// !$*UTF8*$!
{
	archiveVersion = 1;
	classes = {
	};
	objectVersion = 46;
	objects = {

/* Begin PBXBuildFile section */
		3EDE7F71B98970DC05771382 /* Pods_ContentBlocker.framework in Frameworks */ = {isa = PBXBuildFile; fileRef = 73AEBA8BD5DBF6439451D300 /* Pods_ContentBlocker.framework */; };
		6C04CC2B1DEF4967006B23D4 /* BlockerListLoader.swift in Sources */ = {isa = PBXBuildFile; fileRef = 6C04CC2A1DEF4967006B23D4 /* BlockerListLoader.swift */; };
		6C12CBF61DF34B35003E129D /* PurchaseManager.swift in Sources */ = {isa = PBXBuildFile; fileRef = 6C12CBF51DF34B35003E129D /* PurchaseManager.swift */; };
		6C1E61F91DF405F9002BA1B5 /* ListViewController.swift in Sources */ = {isa = PBXBuildFile; fileRef = 6C1E61F81DF405F9002BA1B5 /* ListViewController.swift */; };
		6C50B15F1E1BFA4A00D2C338 /* blockerList.json in Resources */ = {isa = PBXBuildFile; fileRef = 6C50B15E1E1BFA4A00D2C338 /* blockerList.json */; };
		6C83596A1DE312FD0033A1BC /* AppDelegate.swift in Sources */ = {isa = PBXBuildFile; fileRef = 6C8359691DE312FD0033A1BC /* AppDelegate.swift */; };
		6C83596C1DE312FD0033A1BC /* SetupViewController.swift in Sources */ = {isa = PBXBuildFile; fileRef = 6C83596B1DE312FD0033A1BC /* SetupViewController.swift */; };
		6C83596F1DE312FD0033A1BC /* Main.storyboard in Resources */ = {isa = PBXBuildFile; fileRef = 6C83596D1DE312FD0033A1BC /* Main.storyboard */; };
		6C8359711DE312FD0033A1BC /* Assets.xcassets in Resources */ = {isa = PBXBuildFile; fileRef = 6C8359701DE312FD0033A1BC /* Assets.xcassets */; };
		6C83597F1DE312FE0033A1BC /* BlahkerTests.swift in Sources */ = {isa = PBXBuildFile; fileRef = 6C83597E1DE312FE0033A1BC /* BlahkerTests.swift */; };
		6C83598A1DE312FE0033A1BC /* BlahkerUITests.swift in Sources */ = {isa = PBXBuildFile; fileRef = 6C8359891DE312FE0033A1BC /* BlahkerUITests.swift */; };
		6CC9F0CC1DE31341004142AC /* ContentBlocker.appex in Embed App Extensions */ = {isa = PBXBuildFile; fileRef = 6CC9F0C31DE31340004142AC /* ContentBlocker.appex */; settings = {ATTRIBUTES = (RemoveHeadersOnCopy, ); }; };
		6CF743F51DF2D9C6008CA1CC /* AboutViewController.swift in Sources */ = {isa = PBXBuildFile; fileRef = 6CF743F41DF2D9C6008CA1CC /* AboutViewController.swift */; };
		6CF96A831DE9317500043471 /* ContentBlockerRequestHandler.swift in Sources */ = {isa = PBXBuildFile; fileRef = 6CF96A801DE9317500043471 /* ContentBlockerRequestHandler.swift */; };
		6CF96A841DE9317500043471 /* ContentBlockerRequestHandlerError.swift in Sources */ = {isa = PBXBuildFile; fileRef = 6CF96A811DE9317500043471 /* ContentBlockerRequestHandlerError.swift */; };
		6CF96A861DE931A100043471 /* ContentBlockerRequestHandlerError.swift in Sources */ = {isa = PBXBuildFile; fileRef = 6CF96A811DE9317500043471 /* ContentBlockerRequestHandlerError.swift */; };
		84B6F1E25AA1B6DAEB22E309 /* Pods_Blahker.framework in Frameworks */ = {isa = PBXBuildFile; fileRef = ACC218B2C4A08FEEE8A7AF20 /* Pods_Blahker.framework */; };
/* End PBXBuildFile section */

/* Begin PBXContainerItemProxy section */
		6C83597B1DE312FE0033A1BC /* PBXContainerItemProxy */ = {
			isa = PBXContainerItemProxy;
			containerPortal = 6C83595E1DE312FD0033A1BC /* Project object */;
			proxyType = 1;
			remoteGlobalIDString = 6C8359651DE312FD0033A1BC;
			remoteInfo = Blahker;
		};
		6C8359861DE312FE0033A1BC /* PBXContainerItemProxy */ = {
			isa = PBXContainerItemProxy;
			containerPortal = 6C83595E1DE312FD0033A1BC /* Project object */;
			proxyType = 1;
			remoteGlobalIDString = 6C8359651DE312FD0033A1BC;
			remoteInfo = Blahker;
		};
		6CC9F0CA1DE31341004142AC /* PBXContainerItemProxy */ = {
			isa = PBXContainerItemProxy;
			containerPortal = 6C83595E1DE312FD0033A1BC /* Project object */;
			proxyType = 1;
			remoteGlobalIDString = 6CC9F0C21DE31340004142AC;
			remoteInfo = Blocker;
		};
/* End PBXContainerItemProxy section */

/* Begin PBXCopyFilesBuildPhase section */
		6CC9F0D01DE31341004142AC /* Embed App Extensions */ = {
			isa = PBXCopyFilesBuildPhase;
			buildActionMask = 2147483647;
			dstPath = "";
			dstSubfolderSpec = 13;
			files = (
				6CC9F0CC1DE31341004142AC /* ContentBlocker.appex in Embed App Extensions */,
			);
			name = "Embed App Extensions";
			runOnlyForDeploymentPostprocessing = 0;
		};
/* End PBXCopyFilesBuildPhase section */

/* Begin PBXFileReference section */
		6C04CC2A1DEF4967006B23D4 /* BlockerListLoader.swift */ = {isa = PBXFileReference; fileEncoding = 4; lastKnownFileType = sourcecode.swift; path = BlockerListLoader.swift; sourceTree = "<group>"; };
		6C12CBF51DF34B35003E129D /* PurchaseManager.swift */ = {isa = PBXFileReference; fileEncoding = 4; lastKnownFileType = sourcecode.swift; path = PurchaseManager.swift; sourceTree = "<group>"; };
		6C1E61F81DF405F9002BA1B5 /* ListViewController.swift */ = {isa = PBXFileReference; fileEncoding = 4; lastKnownFileType = sourcecode.swift; path = ListViewController.swift; sourceTree = "<group>"; };
		6C50B15E1E1BFA4A00D2C338 /* blockerList.json */ = {isa = PBXFileReference; fileEncoding = 4; lastKnownFileType = text.json; name = blockerList.json; path = Blahker.safariextension/blockerList.json; sourceTree = SOURCE_ROOT; };
		6C8359661DE312FD0033A1BC /* Blahker.app */ = {isa = PBXFileReference; explicitFileType = wrapper.application; includeInIndex = 0; path = Blahker.app; sourceTree = BUILT_PRODUCTS_DIR; };
		6C8359691DE312FD0033A1BC /* AppDelegate.swift */ = {isa = PBXFileReference; lastKnownFileType = sourcecode.swift; path = AppDelegate.swift; sourceTree = "<group>"; };
		6C83596B1DE312FD0033A1BC /* SetupViewController.swift */ = {isa = PBXFileReference; lastKnownFileType = sourcecode.swift; path = SetupViewController.swift; sourceTree = "<group>"; };
		6C83596E1DE312FD0033A1BC /* Base */ = {isa = PBXFileReference; lastKnownFileType = file.storyboard; name = Base; path = Base.lproj/Main.storyboard; sourceTree = "<group>"; };
		6C8359701DE312FD0033A1BC /* Assets.xcassets */ = {isa = PBXFileReference; lastKnownFileType = folder.assetcatalog; path = Assets.xcassets; sourceTree = "<group>"; };
		6C8359751DE312FD0033A1BC /* Info.plist */ = {isa = PBXFileReference; lastKnownFileType = text.plist.xml; path = Info.plist; sourceTree = "<group>"; };
		6C83597A1DE312FE0033A1BC /* BlahkerTests.xctest */ = {isa = PBXFileReference; explicitFileType = wrapper.cfbundle; includeInIndex = 0; path = BlahkerTests.xctest; sourceTree = BUILT_PRODUCTS_DIR; };
		6C83597E1DE312FE0033A1BC /* BlahkerTests.swift */ = {isa = PBXFileReference; lastKnownFileType = sourcecode.swift; path = BlahkerTests.swift; sourceTree = "<group>"; };
		6C8359801DE312FE0033A1BC /* Info.plist */ = {isa = PBXFileReference; lastKnownFileType = text.plist.xml; path = Info.plist; sourceTree = "<group>"; };
		6C8359851DE312FE0033A1BC /* BlahkerUITests.xctest */ = {isa = PBXFileReference; explicitFileType = wrapper.cfbundle; includeInIndex = 0; path = BlahkerUITests.xctest; sourceTree = BUILT_PRODUCTS_DIR; };
		6C8359891DE312FE0033A1BC /* BlahkerUITests.swift */ = {isa = PBXFileReference; lastKnownFileType = sourcecode.swift; path = BlahkerUITests.swift; sourceTree = "<group>"; };
		6C83598B1DE312FE0033A1BC /* Info.plist */ = {isa = PBXFileReference; lastKnownFileType = text.plist.xml; path = Info.plist; sourceTree = "<group>"; };
		6CB80FEB1DE731770041AF1E /* Cocoa.framework */ = {isa = PBXFileReference; lastKnownFileType = wrapper.framework; name = Cocoa.framework; path = Library/Frameworks/Cocoa.framework; sourceTree = DEVELOPER_DIR; };
		6CC9F0C31DE31340004142AC /* ContentBlocker.appex */ = {isa = PBXFileReference; explicitFileType = "wrapper.app-extension"; includeInIndex = 0; path = ContentBlocker.appex; sourceTree = BUILT_PRODUCTS_DIR; };
		6CF743F41DF2D9C6008CA1CC /* AboutViewController.swift */ = {isa = PBXFileReference; fileEncoding = 4; lastKnownFileType = sourcecode.swift; path = AboutViewController.swift; sourceTree = "<group>"; };
		6CF96A801DE9317500043471 /* ContentBlockerRequestHandler.swift */ = {isa = PBXFileReference; fileEncoding = 4; lastKnownFileType = sourcecode.swift; path = ContentBlockerRequestHandler.swift; sourceTree = "<group>"; };
		6CF96A811DE9317500043471 /* ContentBlockerRequestHandlerError.swift */ = {isa = PBXFileReference; fileEncoding = 4; lastKnownFileType = sourcecode.swift; path = ContentBlockerRequestHandlerError.swift; sourceTree = "<group>"; };
		6CF96A821DE9317500043471 /* Info.plist */ = {isa = PBXFileReference; fileEncoding = 4; lastKnownFileType = text.plist.xml; path = Info.plist; sourceTree = "<group>"; };
		73AEBA8BD5DBF6439451D300 /* Pods_ContentBlocker.framework */ = {isa = PBXFileReference; explicitFileType = wrapper.framework; includeInIndex = 0; path = Pods_ContentBlocker.framework; sourceTree = BUILT_PRODUCTS_DIR; };
		837D0D9CCCF5D100C5B66E29 /* Pods-Blahker.debug.xcconfig */ = {isa = PBXFileReference; includeInIndex = 1; lastKnownFileType = text.xcconfig; name = "Pods-Blahker.debug.xcconfig"; path = "Pods/Target Support Files/Pods-Blahker/Pods-Blahker.debug.xcconfig"; sourceTree = "<group>"; };
		ACC218B2C4A08FEEE8A7AF20 /* Pods_Blahker.framework */ = {isa = PBXFileReference; explicitFileType = wrapper.framework; includeInIndex = 0; path = Pods_Blahker.framework; sourceTree = BUILT_PRODUCTS_DIR; };
		B1BD962580DF9273D253C6AA /* Pods-Blahker.release.xcconfig */ = {isa = PBXFileReference; includeInIndex = 1; lastKnownFileType = text.xcconfig; name = "Pods-Blahker.release.xcconfig"; path = "Pods/Target Support Files/Pods-Blahker/Pods-Blahker.release.xcconfig"; sourceTree = "<group>"; };
		BF7C19405A324921FD47DE2B /* Pods-ContentBlocker.release.xcconfig */ = {isa = PBXFileReference; includeInIndex = 1; lastKnownFileType = text.xcconfig; name = "Pods-ContentBlocker.release.xcconfig"; path = "Pods/Target Support Files/Pods-ContentBlocker/Pods-ContentBlocker.release.xcconfig"; sourceTree = "<group>"; };
		FEED10DC33075F1DE2638930 /* Pods-ContentBlocker.debug.xcconfig */ = {isa = PBXFileReference; includeInIndex = 1; lastKnownFileType = text.xcconfig; name = "Pods-ContentBlocker.debug.xcconfig"; path = "Pods/Target Support Files/Pods-ContentBlocker/Pods-ContentBlocker.debug.xcconfig"; sourceTree = "<group>"; };
/* End PBXFileReference section */

/* Begin PBXFrameworksBuildPhase section */
		6C8359631DE312FD0033A1BC /* Frameworks */ = {
			isa = PBXFrameworksBuildPhase;
			buildActionMask = 2147483647;
			files = (
				84B6F1E25AA1B6DAEB22E309 /* Pods_Blahker.framework in Frameworks */,
			);
			runOnlyForDeploymentPostprocessing = 0;
		};
		6C8359771DE312FE0033A1BC /* Frameworks */ = {
			isa = PBXFrameworksBuildPhase;
			buildActionMask = 2147483647;
			files = (
			);
			runOnlyForDeploymentPostprocessing = 0;
		};
		6C8359821DE312FE0033A1BC /* Frameworks */ = {
			isa = PBXFrameworksBuildPhase;
			buildActionMask = 2147483647;
			files = (
			);
			runOnlyForDeploymentPostprocessing = 0;
		};
		6CC9F0C01DE31340004142AC /* Frameworks */ = {
			isa = PBXFrameworksBuildPhase;
			buildActionMask = 2147483647;
			files = (
				3EDE7F71B98970DC05771382 /* Pods_ContentBlocker.framework in Frameworks */,
			);
			runOnlyForDeploymentPostprocessing = 0;
		};
/* End PBXFrameworksBuildPhase section */

/* Begin PBXGroup section */
		6C83595D1DE312FD0033A1BC = {
			isa = PBXGroup;
			children = (
				6C8359681DE312FD0033A1BC /* Blahker */,
				6C83597D1DE312FE0033A1BC /* BlahkerTests */,
				6C8359881DE312FE0033A1BC /* BlahkerUITests */,
				6CF96A7F1DE9317500043471 /* ContentBlocker */,
				6C8359671DE312FD0033A1BC /* Products */,
				A9F0680BACD2550082B0390C /* Frameworks */,
				9FD3B031DD9FF6E2CC737FD6 /* Pods */,
			);
			sourceTree = "<group>";
		};
		6C8359671DE312FD0033A1BC /* Products */ = {
			isa = PBXGroup;
			children = (
				6C8359661DE312FD0033A1BC /* Blahker.app */,
				6C83597A1DE312FE0033A1BC /* BlahkerTests.xctest */,
				6C8359851DE312FE0033A1BC /* BlahkerUITests.xctest */,
				6CC9F0C31DE31340004142AC /* ContentBlocker.appex */,
			);
			name = Products;
			sourceTree = "<group>";
		};
		6C8359681DE312FD0033A1BC /* Blahker */ = {
			isa = PBXGroup;
			children = (
				6C8359691DE312FD0033A1BC /* AppDelegate.swift */,
				6C83596B1DE312FD0033A1BC /* SetupViewController.swift */,
				6CF743F41DF2D9C6008CA1CC /* AboutViewController.swift */,
				6C1E61F81DF405F9002BA1B5 /* ListViewController.swift */,
				6C12CBF51DF34B35003E129D /* PurchaseManager.swift */,
				6C83596D1DE312FD0033A1BC /* Main.storyboard */,
				6C8359701DE312FD0033A1BC /* Assets.xcassets */,
				6C8359751DE312FD0033A1BC /* Info.plist */,
			);
			path = Blahker;
			sourceTree = "<group>";
		};
		6C83597D1DE312FE0033A1BC /* BlahkerTests */ = {
			isa = PBXGroup;
			children = (
				6C83597E1DE312FE0033A1BC /* BlahkerTests.swift */,
				6C8359801DE312FE0033A1BC /* Info.plist */,
			);
			path = BlahkerTests;
			sourceTree = "<group>";
		};
		6C8359881DE312FE0033A1BC /* BlahkerUITests */ = {
			isa = PBXGroup;
			children = (
				6C8359891DE312FE0033A1BC /* BlahkerUITests.swift */,
				6C83598B1DE312FE0033A1BC /* Info.plist */,
			);
			path = BlahkerUITests;
			sourceTree = "<group>";
		};
		6CF96A7F1DE9317500043471 /* ContentBlocker */ = {
			isa = PBXGroup;
			children = (
				6C50B15E1E1BFA4A00D2C338 /* blockerList.json */,
				6C04CC2A1DEF4967006B23D4 /* BlockerListLoader.swift */,
				6CF96A801DE9317500043471 /* ContentBlockerRequestHandler.swift */,
				6CF96A811DE9317500043471 /* ContentBlockerRequestHandlerError.swift */,
				6CF96A821DE9317500043471 /* Info.plist */,
			);
			path = ContentBlocker;
			sourceTree = "<group>";
		};
		9FD3B031DD9FF6E2CC737FD6 /* Pods */ = {
			isa = PBXGroup;
			children = (
				837D0D9CCCF5D100C5B66E29 /* Pods-Blahker.debug.xcconfig */,
				B1BD962580DF9273D253C6AA /* Pods-Blahker.release.xcconfig */,
				FEED10DC33075F1DE2638930 /* Pods-ContentBlocker.debug.xcconfig */,
				BF7C19405A324921FD47DE2B /* Pods-ContentBlocker.release.xcconfig */,
			);
			name = Pods;
			sourceTree = "<group>";
		};
		A9F0680BACD2550082B0390C /* Frameworks */ = {
			isa = PBXGroup;
			children = (
				6CB80FEB1DE731770041AF1E /* Cocoa.framework */,
				ACC218B2C4A08FEEE8A7AF20 /* Pods_Blahker.framework */,
				73AEBA8BD5DBF6439451D300 /* Pods_ContentBlocker.framework */,
			);
			name = Frameworks;
			sourceTree = "<group>";
		};
/* End PBXGroup section */

/* Begin PBXNativeTarget section */
		6C8359651DE312FD0033A1BC /* Blahker */ = {
			isa = PBXNativeTarget;
			buildConfigurationList = 6C83598E1DE312FE0033A1BC /* Build configuration list for PBXNativeTarget "Blahker" */;
			buildPhases = (
				0615FFDE564B7EDDB9715310 /* [CP] Check Pods Manifest.lock */,
				6C8359621DE312FD0033A1BC /* Sources */,
				6C8359631DE312FD0033A1BC /* Frameworks */,
				6C8359641DE312FD0033A1BC /* Resources */,
				6CC9F0D01DE31341004142AC /* Embed App Extensions */,
				D8C8684EA30B15837FA1E4D6 /* [CP] Embed Pods Frameworks */,
				39D7B851606E06DA79BF4338 /* [CP] Copy Pods Resources */,
			);
			buildRules = (
			);
			dependencies = (
				6CC9F0CB1DE31341004142AC /* PBXTargetDependency */,
			);
			name = Blahker;
			productName = Blahker;
			productReference = 6C8359661DE312FD0033A1BC /* Blahker.app */;
			productType = "com.apple.product-type.application";
		};
		6C8359791DE312FE0033A1BC /* BlahkerTests */ = {
			isa = PBXNativeTarget;
			buildConfigurationList = 6C8359911DE312FE0033A1BC /* Build configuration list for PBXNativeTarget "BlahkerTests" */;
			buildPhases = (
				6C8359761DE312FE0033A1BC /* Sources */,
				6C8359771DE312FE0033A1BC /* Frameworks */,
				6C8359781DE312FE0033A1BC /* Resources */,
			);
			buildRules = (
			);
			dependencies = (
				6C83597C1DE312FE0033A1BC /* PBXTargetDependency */,
			);
			name = BlahkerTests;
			productName = BlahkerTests;
			productReference = 6C83597A1DE312FE0033A1BC /* BlahkerTests.xctest */;
			productType = "com.apple.product-type.bundle.unit-test";
		};
		6C8359841DE312FE0033A1BC /* BlahkerUITests */ = {
			isa = PBXNativeTarget;
			buildConfigurationList = 6C8359941DE312FE0033A1BC /* Build configuration list for PBXNativeTarget "BlahkerUITests" */;
			buildPhases = (
				6C8359811DE312FE0033A1BC /* Sources */,
				6C8359821DE312FE0033A1BC /* Frameworks */,
				6C8359831DE312FE0033A1BC /* Resources */,
			);
			buildRules = (
			);
			dependencies = (
				6C8359871DE312FE0033A1BC /* PBXTargetDependency */,
			);
			name = BlahkerUITests;
			productName = BlahkerUITests;
			productReference = 6C8359851DE312FE0033A1BC /* BlahkerUITests.xctest */;
			productType = "com.apple.product-type.bundle.ui-testing";
		};
		6CC9F0C21DE31340004142AC /* ContentBlocker */ = {
			isa = PBXNativeTarget;
			buildConfigurationList = 6CC9F0CF1DE31341004142AC /* Build configuration list for PBXNativeTarget "ContentBlocker" */;
			buildPhases = (
				A973B7FA4030BD6CB5B458B8 /* [CP] Check Pods Manifest.lock */,
				6CC9F0BF1DE31340004142AC /* Sources */,
				6CC9F0C01DE31340004142AC /* Frameworks */,
				6CC9F0C11DE31340004142AC /* Resources */,
				FC490CC0539C048F702D5F2D /* [CP] Copy Pods Resources */,
			);
			buildRules = (
			);
			dependencies = (
			);
			name = ContentBlocker;
			productName = Blocker;
			productReference = 6CC9F0C31DE31340004142AC /* ContentBlocker.appex */;
			productType = "com.apple.product-type.app-extension";
		};
/* End PBXNativeTarget section */

/* Begin PBXProject section */
		6C83595E1DE312FD0033A1BC /* Project object */ = {
			isa = PBXProject;
			attributes = {
				LastSwiftUpdateCheck = 0810;
				LastUpgradeCheck = 0920;
				ORGANIZATIONNAME = "Elaborapp Co., Ltd.";
				TargetAttributes = {
					6C8359651DE312FD0033A1BC = {
						CreatedOnToolsVersion = 8.1;
						DevelopmentTeam = SE9N6X5V7C;
						ProvisioningStyle = Manual;
						SystemCapabilities = {
							com.apple.BackgroundModes = {
								enabled = 1;
							};
						};
					};
					6C8359791DE312FE0033A1BC = {
						CreatedOnToolsVersion = 8.1;
						DevelopmentTeam = SE9N6X5V7C;
						ProvisioningStyle = Automatic;
						TestTargetID = 6C8359651DE312FD0033A1BC;
					};
					6C8359841DE312FE0033A1BC = {
						CreatedOnToolsVersion = 8.1;
						DevelopmentTeam = SE9N6X5V7C;
						ProvisioningStyle = Automatic;
						TestTargetID = 6C8359651DE312FD0033A1BC;
					};
					6CC9F0C21DE31340004142AC = {
						CreatedOnToolsVersion = 8.2;
						DevelopmentTeam = SE9N6X5V7C;
						ProvisioningStyle = Manual;
					};
				};
			};
			buildConfigurationList = 6C8359611DE312FD0033A1BC /* Build configuration list for PBXProject "Blahker" */;
			compatibilityVersion = "Xcode 3.2";
			developmentRegion = English;
			hasScannedForEncodings = 0;
			knownRegions = (
				en,
				Base,
			);
			mainGroup = 6C83595D1DE312FD0033A1BC;
			productRefGroup = 6C8359671DE312FD0033A1BC /* Products */;
			projectDirPath = "";
			projectRoot = "";
			targets = (
				6C8359651DE312FD0033A1BC /* Blahker */,
				6C8359791DE312FE0033A1BC /* BlahkerTests */,
				6C8359841DE312FE0033A1BC /* BlahkerUITests */,
				6CC9F0C21DE31340004142AC /* ContentBlocker */,
			);
		};
/* End PBXProject section */

/* Begin PBXResourcesBuildPhase section */
		6C8359641DE312FD0033A1BC /* Resources */ = {
			isa = PBXResourcesBuildPhase;
			buildActionMask = 2147483647;
			files = (
				6C8359711DE312FD0033A1BC /* Assets.xcassets in Resources */,
				6C83596F1DE312FD0033A1BC /* Main.storyboard in Resources */,
			);
			runOnlyForDeploymentPostprocessing = 0;
		};
		6C8359781DE312FE0033A1BC /* Resources */ = {
			isa = PBXResourcesBuildPhase;
			buildActionMask = 2147483647;
			files = (
			);
			runOnlyForDeploymentPostprocessing = 0;
		};
		6C8359831DE312FE0033A1BC /* Resources */ = {
			isa = PBXResourcesBuildPhase;
			buildActionMask = 2147483647;
			files = (
			);
			runOnlyForDeploymentPostprocessing = 0;
		};
		6CC9F0C11DE31340004142AC /* Resources */ = {
			isa = PBXResourcesBuildPhase;
			buildActionMask = 2147483647;
			files = (
				6C50B15F1E1BFA4A00D2C338 /* blockerList.json in Resources */,
			);
			runOnlyForDeploymentPostprocessing = 0;
		};
/* End PBXResourcesBuildPhase section */

/* Begin PBXShellScriptBuildPhase section */
		0615FFDE564B7EDDB9715310 /* [CP] Check Pods Manifest.lock */ = {
			isa = PBXShellScriptBuildPhase;
			buildActionMask = 2147483647;
			files = (
			);
			inputPaths = (
				"${PODS_PODFILE_DIR_PATH}/Podfile.lock",
				"${PODS_ROOT}/Manifest.lock",
			);
			name = "[CP] Check Pods Manifest.lock";
			outputPaths = (
				"$(DERIVED_FILE_DIR)/Pods-Blahker-checkManifestLockResult.txt",
			);
			runOnlyForDeploymentPostprocessing = 0;
			shellPath = /bin/sh;
			shellScript = "diff \"${PODS_PODFILE_DIR_PATH}/Podfile.lock\" \"${PODS_ROOT}/Manifest.lock\" > /dev/null\nif [ $? != 0 ] ; then\n    # print error to STDERR\n    echo \"error: The sandbox is not in sync with the Podfile.lock. Run 'pod install' or update your CocoaPods installation.\" >&2\n    exit 1\nfi\n# This output is used by Xcode 'outputs' to avoid re-running this script phase.\necho \"SUCCESS\" > \"${SCRIPT_OUTPUT_FILE_0}\"\n";
			showEnvVarsInLog = 0;
		};
		39D7B851606E06DA79BF4338 /* [CP] Copy Pods Resources */ = {
			isa = PBXShellScriptBuildPhase;
			buildActionMask = 2147483647;
			files = (
			);
			inputPaths = (
			);
			name = "[CP] Copy Pods Resources";
			outputPaths = (
			);
			runOnlyForDeploymentPostprocessing = 0;
			shellPath = /bin/sh;
			shellScript = "\"${SRCROOT}/Pods/Target Support Files/Pods-Blahker/Pods-Blahker-resources.sh\"\n";
			showEnvVarsInLog = 0;
		};
		A973B7FA4030BD6CB5B458B8 /* [CP] Check Pods Manifest.lock */ = {
			isa = PBXShellScriptBuildPhase;
			buildActionMask = 2147483647;
			files = (
			);
			inputPaths = (
				"${PODS_PODFILE_DIR_PATH}/Podfile.lock",
				"${PODS_ROOT}/Manifest.lock",
			);
			name = "[CP] Check Pods Manifest.lock";
			outputPaths = (
				"$(DERIVED_FILE_DIR)/Pods-ContentBlocker-checkManifestLockResult.txt",
			);
			runOnlyForDeploymentPostprocessing = 0;
			shellPath = /bin/sh;
			shellScript = "diff \"${PODS_PODFILE_DIR_PATH}/Podfile.lock\" \"${PODS_ROOT}/Manifest.lock\" > /dev/null\nif [ $? != 0 ] ; then\n    # print error to STDERR\n    echo \"error: The sandbox is not in sync with the Podfile.lock. Run 'pod install' or update your CocoaPods installation.\" >&2\n    exit 1\nfi\n# This output is used by Xcode 'outputs' to avoid re-running this script phase.\necho \"SUCCESS\" > \"${SCRIPT_OUTPUT_FILE_0}\"\n";
			showEnvVarsInLog = 0;
		};
		D8C8684EA30B15837FA1E4D6 /* [CP] Embed Pods Frameworks */ = {
			isa = PBXShellScriptBuildPhase;
			buildActionMask = 2147483647;
			files = (
			);
			inputPaths = (
				"${SRCROOT}/Pods/Target Support Files/Pods-Blahker/Pods-Blahker-frameworks.sh",
				"${BUILT_PRODUCTS_DIR}/SwiftyJSON/SwiftyJSON.framework",
			);
			name = "[CP] Embed Pods Frameworks";
			outputPaths = (
				"${TARGET_BUILD_DIR}/${FRAMEWORKS_FOLDER_PATH}/SwiftyJSON.framework",
			);
			runOnlyForDeploymentPostprocessing = 0;
			shellPath = /bin/sh;
			shellScript = "\"${SRCROOT}/Pods/Target Support Files/Pods-Blahker/Pods-Blahker-frameworks.sh\"\n";
			showEnvVarsInLog = 0;
		};
		FC490CC0539C048F702D5F2D /* [CP] Copy Pods Resources */ = {
			isa = PBXShellScriptBuildPhase;
			buildActionMask = 2147483647;
			files = (
			);
			inputPaths = (
			);
			name = "[CP] Copy Pods Resources";
			outputPaths = (
			);
			runOnlyForDeploymentPostprocessing = 0;
			shellPath = /bin/sh;
			shellScript = "\"${SRCROOT}/Pods/Target Support Files/Pods-ContentBlocker/Pods-ContentBlocker-resources.sh\"\n";
			showEnvVarsInLog = 0;
		};
/* End PBXShellScriptBuildPhase section */

/* Begin PBXSourcesBuildPhase section */
		6C8359621DE312FD0033A1BC /* Sources */ = {
			isa = PBXSourcesBuildPhase;
			buildActionMask = 2147483647;
			files = (
				6C83596C1DE312FD0033A1BC /* SetupViewController.swift in Sources */,
				6C83596A1DE312FD0033A1BC /* AppDelegate.swift in Sources */,
				6C1E61F91DF405F9002BA1B5 /* ListViewController.swift in Sources */,
				6CF743F51DF2D9C6008CA1CC /* AboutViewController.swift in Sources */,
				6CF96A861DE931A100043471 /* ContentBlockerRequestHandlerError.swift in Sources */,
				6C12CBF61DF34B35003E129D /* PurchaseManager.swift in Sources */,
			);
			runOnlyForDeploymentPostprocessing = 0;
		};
		6C8359761DE312FE0033A1BC /* Sources */ = {
			isa = PBXSourcesBuildPhase;
			buildActionMask = 2147483647;
			files = (
				6C83597F1DE312FE0033A1BC /* BlahkerTests.swift in Sources */,
			);
			runOnlyForDeploymentPostprocessing = 0;
		};
		6C8359811DE312FE0033A1BC /* Sources */ = {
			isa = PBXSourcesBuildPhase;
			buildActionMask = 2147483647;
			files = (
				6C83598A1DE312FE0033A1BC /* BlahkerUITests.swift in Sources */,
			);
			runOnlyForDeploymentPostprocessing = 0;
		};
		6CC9F0BF1DE31340004142AC /* Sources */ = {
			isa = PBXSourcesBuildPhase;
			buildActionMask = 2147483647;
			files = (
				6CF96A841DE9317500043471 /* ContentBlockerRequestHandlerError.swift in Sources */,
				6CF96A831DE9317500043471 /* ContentBlockerRequestHandler.swift in Sources */,
				6C04CC2B1DEF4967006B23D4 /* BlockerListLoader.swift in Sources */,
			);
			runOnlyForDeploymentPostprocessing = 0;
		};
/* End PBXSourcesBuildPhase section */

/* Begin PBXTargetDependency section */
		6C83597C1DE312FE0033A1BC /* PBXTargetDependency */ = {
			isa = PBXTargetDependency;
			target = 6C8359651DE312FD0033A1BC /* Blahker */;
			targetProxy = 6C83597B1DE312FE0033A1BC /* PBXContainerItemProxy */;
		};
		6C8359871DE312FE0033A1BC /* PBXTargetDependency */ = {
			isa = PBXTargetDependency;
			target = 6C8359651DE312FD0033A1BC /* Blahker */;
			targetProxy = 6C8359861DE312FE0033A1BC /* PBXContainerItemProxy */;
		};
		6CC9F0CB1DE31341004142AC /* PBXTargetDependency */ = {
			isa = PBXTargetDependency;
			target = 6CC9F0C21DE31340004142AC /* ContentBlocker */;
			targetProxy = 6CC9F0CA1DE31341004142AC /* PBXContainerItemProxy */;
		};
/* End PBXTargetDependency section */

/* Begin PBXVariantGroup section */
		6C83596D1DE312FD0033A1BC /* Main.storyboard */ = {
			isa = PBXVariantGroup;
			children = (
				6C83596E1DE312FD0033A1BC /* Base */,
			);
			name = Main.storyboard;
			sourceTree = "<group>";
		};
/* End PBXVariantGroup section */

/* Begin XCBuildConfiguration section */
		6C83598C1DE312FE0033A1BC /* Debug */ = {
			isa = XCBuildConfiguration;
			buildSettings = {
				ALWAYS_SEARCH_USER_PATHS = NO;
				CLANG_ANALYZER_NONNULL = YES;
				CLANG_CXX_LANGUAGE_STANDARD = "gnu++0x";
				CLANG_CXX_LIBRARY = "libc++";
				CLANG_ENABLE_MODULES = YES;
				CLANG_ENABLE_OBJC_ARC = YES;
				CLANG_WARN_BLOCK_CAPTURE_AUTORELEASING = YES;
				CLANG_WARN_BOOL_CONVERSION = YES;
				CLANG_WARN_COMMA = YES;
				CLANG_WARN_CONSTANT_CONVERSION = YES;
				CLANG_WARN_DIRECT_OBJC_ISA_USAGE = YES_ERROR;
				CLANG_WARN_DOCUMENTATION_COMMENTS = YES;
				CLANG_WARN_EMPTY_BODY = YES;
				CLANG_WARN_ENUM_CONVERSION = YES;
				CLANG_WARN_INFINITE_RECURSION = YES;
				CLANG_WARN_INT_CONVERSION = YES;
				CLANG_WARN_NON_LITERAL_NULL_CONVERSION = YES;
				CLANG_WARN_OBJC_LITERAL_CONVERSION = YES;
				CLANG_WARN_OBJC_ROOT_CLASS = YES_ERROR;
				CLANG_WARN_RANGE_LOOP_ANALYSIS = YES;
				CLANG_WARN_STRICT_PROTOTYPES = YES;
				CLANG_WARN_SUSPICIOUS_MOVE = YES;
				CLANG_WARN_SUSPICIOUS_MOVES = YES;
				CLANG_WARN_UNREACHABLE_CODE = YES;
				CLANG_WARN__DUPLICATE_METHOD_MATCH = YES;
				CODE_SIGN_IDENTITY = "iPhone Developer";
				"CODE_SIGN_IDENTITY[sdk=iphoneos*]" = "iPhone Developer";
				COPY_PHASE_STRIP = NO;
				CURRENT_PROJECT_VERSION = 6;
				DEBUG_INFORMATION_FORMAT = dwarf;
				ENABLE_STRICT_OBJC_MSGSEND = YES;
				ENABLE_TESTABILITY = YES;
				GCC_C_LANGUAGE_STANDARD = gnu99;
				GCC_DYNAMIC_NO_PIC = NO;
				GCC_NO_COMMON_BLOCKS = YES;
				GCC_OPTIMIZATION_LEVEL = 0;
				GCC_PREPROCESSOR_DEFINITIONS = (
					"DEBUG=1",
					"$(inherited)",
				);
				GCC_WARN_64_TO_32_BIT_CONVERSION = YES;
				GCC_WARN_ABOUT_RETURN_TYPE = YES_ERROR;
				GCC_WARN_UNDECLARED_SELECTOR = YES;
				GCC_WARN_UNINITIALIZED_AUTOS = YES_AGGRESSIVE;
				GCC_WARN_UNUSED_FUNCTION = YES;
				GCC_WARN_UNUSED_VARIABLE = YES;
				IPHONEOS_DEPLOYMENT_TARGET = 9.0;
				MTL_ENABLE_DEBUG_INFO = YES;
				ONLY_ACTIVE_ARCH = YES;
				SDKROOT = iphoneos;
				SWIFT_ACTIVE_COMPILATION_CONDITIONS = DEBUG;
				SWIFT_OPTIMIZATION_LEVEL = "-Onone";
				TARGETED_DEVICE_FAMILY = "1,2";
				VERSIONING_SYSTEM = "apple-generic";
			};
			name = Debug;
		};
		6C83598D1DE312FE0033A1BC /* Release */ = {
			isa = XCBuildConfiguration;
			buildSettings = {
				ALWAYS_SEARCH_USER_PATHS = NO;
				CLANG_ANALYZER_NONNULL = YES;
				CLANG_CXX_LANGUAGE_STANDARD = "gnu++0x";
				CLANG_CXX_LIBRARY = "libc++";
				CLANG_ENABLE_MODULES = YES;
				CLANG_ENABLE_OBJC_ARC = YES;
				CLANG_WARN_BLOCK_CAPTURE_AUTORELEASING = YES;
				CLANG_WARN_BOOL_CONVERSION = YES;
				CLANG_WARN_COMMA = YES;
				CLANG_WARN_CONSTANT_CONVERSION = YES;
				CLANG_WARN_DIRECT_OBJC_ISA_USAGE = YES_ERROR;
				CLANG_WARN_DOCUMENTATION_COMMENTS = YES;
				CLANG_WARN_EMPTY_BODY = YES;
				CLANG_WARN_ENUM_CONVERSION = YES;
				CLANG_WARN_INFINITE_RECURSION = YES;
				CLANG_WARN_INT_CONVERSION = YES;
				CLANG_WARN_NON_LITERAL_NULL_CONVERSION = YES;
				CLANG_WARN_OBJC_LITERAL_CONVERSION = YES;
				CLANG_WARN_OBJC_ROOT_CLASS = YES_ERROR;
				CLANG_WARN_RANGE_LOOP_ANALYSIS = YES;
				CLANG_WARN_STRICT_PROTOTYPES = YES;
				CLANG_WARN_SUSPICIOUS_MOVE = YES;
				CLANG_WARN_SUSPICIOUS_MOVES = YES;
				CLANG_WARN_UNREACHABLE_CODE = YES;
				CLANG_WARN__DUPLICATE_METHOD_MATCH = YES;
				CODE_SIGN_IDENTITY = "iPhone Developer";
				"CODE_SIGN_IDENTITY[sdk=iphoneos*]" = "iPhone Developer";
				COPY_PHASE_STRIP = NO;
				CURRENT_PROJECT_VERSION = 6;
				DEBUG_INFORMATION_FORMAT = "dwarf-with-dsym";
				ENABLE_NS_ASSERTIONS = NO;
				ENABLE_STRICT_OBJC_MSGSEND = YES;
				GCC_C_LANGUAGE_STANDARD = gnu99;
				GCC_NO_COMMON_BLOCKS = YES;
				GCC_WARN_64_TO_32_BIT_CONVERSION = YES;
				GCC_WARN_ABOUT_RETURN_TYPE = YES_ERROR;
				GCC_WARN_UNDECLARED_SELECTOR = YES;
				GCC_WARN_UNINITIALIZED_AUTOS = YES_AGGRESSIVE;
				GCC_WARN_UNUSED_FUNCTION = YES;
				GCC_WARN_UNUSED_VARIABLE = YES;
				IPHONEOS_DEPLOYMENT_TARGET = 9.0;
				MTL_ENABLE_DEBUG_INFO = NO;
				SDKROOT = iphoneos;
				SWIFT_OPTIMIZATION_LEVEL = "-Owholemodule";
				TARGETED_DEVICE_FAMILY = "1,2";
				VALIDATE_PRODUCT = YES;
				VERSIONING_SYSTEM = "apple-generic";
			};
			name = Release;
		};
		6C83598F1DE312FE0033A1BC /* Debug */ = {
			isa = XCBuildConfiguration;
			baseConfigurationReference = 837D0D9CCCF5D100C5B66E29 /* Pods-Blahker.debug.xcconfig */;
			buildSettings = {
				ALWAYS_EMBED_SWIFT_STANDARD_LIBRARIES = YES;
				ASSETCATALOG_COMPILER_APPICON_NAME = AppIcon;
				"CODE_SIGN_IDENTITY[sdk=iphoneos*]" = "iPhone Developer";
				CODE_SIGN_STYLE = Manual;
				DEVELOPMENT_TEAM = SE9N6X5V7C;
				INFOPLIST_FILE = Blahker/Info.plist;
				LD_RUNPATH_SEARCH_PATHS = "$(inherited) @executable_path/Frameworks";
				PRODUCT_BUNDLE_IDENTIFIER = com.elaborapp.Blahker;
				PRODUCT_NAME = "$(TARGET_NAME)";
				PROVISIONING_PROFILE = "c661c902-2fd3-4b7c-8b91-731a346e14f1";
				PROVISIONING_PROFILE_SPECIFIER = "match Development com.elaborapp.Blahker";
				SWIFT_OPTIMIZATION_LEVEL = "-Owholemodule";
				SWIFT_VERSION = 4.0;
				TARGETED_DEVICE_FAMILY = "1,2";
				VERSIONING_SYSTEM = "apple-generic";
			};
			name = Debug;
		};
		6C8359901DE312FE0033A1BC /* Release */ = {
			isa = XCBuildConfiguration;
			baseConfigurationReference = B1BD962580DF9273D253C6AA /* Pods-Blahker.release.xcconfig */;
			buildSettings = {
				ALWAYS_EMBED_SWIFT_STANDARD_LIBRARIES = YES;
				ASSETCATALOG_COMPILER_APPICON_NAME = AppIcon;
				"CODE_SIGN_IDENTITY[sdk=iphoneos*]" = "iPhone Distribution";
				CODE_SIGN_STYLE = Manual;
				DEVELOPMENT_TEAM = SE9N6X5V7C;
				INFOPLIST_FILE = Blahker/Info.plist;
				LD_RUNPATH_SEARCH_PATHS = "$(inherited) @executable_path/Frameworks";
				PRODUCT_BUNDLE_IDENTIFIER = com.elaborapp.Blahker;
				PRODUCT_NAME = "$(TARGET_NAME)";
				PROVISIONING_PROFILE = "b8cb5c0e-62e8-44a6-988a-22b8ad69063d";
				PROVISIONING_PROFILE_SPECIFIER = "match AppStore com.elaborapp.Blahker";
				SWIFT_OPTIMIZATION_LEVEL = "-Owholemodule";
				SWIFT_VERSION = 4.0;
				TARGETED_DEVICE_FAMILY = "1,2";
				VERSIONING_SYSTEM = "apple-generic";
			};
			name = Release;
		};
		6C8359921DE312FE0033A1BC /* Debug */ = {
			isa = XCBuildConfiguration;
			buildSettings = {
				ALWAYS_EMBED_SWIFT_STANDARD_LIBRARIES = YES;
				BUNDLE_LOADER = "$(TEST_HOST)";
				DEVELOPMENT_TEAM = SE9N6X5V7C;
				INFOPLIST_FILE = BlahkerTests/Info.plist;
				LD_RUNPATH_SEARCH_PATHS = "$(inherited) @executable_path/Frameworks @loader_path/Frameworks";
				PRODUCT_BUNDLE_IDENTIFIER = com.elaborapp.BlahkerTests;
				PRODUCT_NAME = "$(TARGET_NAME)";
				SWIFT_VERSION = 4.0;
				TEST_HOST = "$(BUILT_PRODUCTS_DIR)/Blahker.app/Blahker";
			};
			name = Debug;
		};
		6C8359931DE312FE0033A1BC /* Release */ = {
			isa = XCBuildConfiguration;
			buildSettings = {
				ALWAYS_EMBED_SWIFT_STANDARD_LIBRARIES = YES;
				BUNDLE_LOADER = "$(TEST_HOST)";
				DEVELOPMENT_TEAM = SE9N6X5V7C;
				INFOPLIST_FILE = BlahkerTests/Info.plist;
				LD_RUNPATH_SEARCH_PATHS = "$(inherited) @executable_path/Frameworks @loader_path/Frameworks";
				PRODUCT_BUNDLE_IDENTIFIER = com.elaborapp.BlahkerTests;
				PRODUCT_NAME = "$(TARGET_NAME)";
				SWIFT_VERSION = 4.0;
				TEST_HOST = "$(BUILT_PRODUCTS_DIR)/Blahker.app/Blahker";
			};
			name = Release;
		};
		6C8359951DE312FE0033A1BC /* Debug */ = {
			isa = XCBuildConfiguration;
			buildSettings = {
				ALWAYS_EMBED_SWIFT_STANDARD_LIBRARIES = YES;
				DEVELOPMENT_TEAM = SE9N6X5V7C;
				INFOPLIST_FILE = BlahkerUITests/Info.plist;
				LD_RUNPATH_SEARCH_PATHS = "$(inherited) @executable_path/Frameworks @loader_path/Frameworks";
				PRODUCT_BUNDLE_IDENTIFIER = com.elaborapp.BlahkerUITests;
				PRODUCT_NAME = "$(TARGET_NAME)";
				SWIFT_VERSION = 4.0;
				TEST_TARGET_NAME = Blahker;
			};
			name = Debug;
		};
		6C8359961DE312FE0033A1BC /* Release */ = {
			isa = XCBuildConfiguration;
			buildSettings = {
				ALWAYS_EMBED_SWIFT_STANDARD_LIBRARIES = YES;
				DEVELOPMENT_TEAM = SE9N6X5V7C;
				INFOPLIST_FILE = BlahkerUITests/Info.plist;
				LD_RUNPATH_SEARCH_PATHS = "$(inherited) @executable_path/Frameworks @loader_path/Frameworks";
				PRODUCT_BUNDLE_IDENTIFIER = com.elaborapp.BlahkerUITests;
				PRODUCT_NAME = "$(TARGET_NAME)";
				SWIFT_VERSION = 4.0;
				TEST_TARGET_NAME = Blahker;
			};
			name = Release;
		};
		6CC9F0CD1DE31341004142AC /* Debug */ = {
			isa = XCBuildConfiguration;
			baseConfigurationReference = FEED10DC33075F1DE2638930 /* Pods-ContentBlocker.debug.xcconfig */;
			buildSettings = {
				CLANG_WARN_SUSPICIOUS_MOVE = YES;
				CODE_SIGN_IDENTITY = "iPhone Developer";
				"CODE_SIGN_IDENTITY[sdk=iphoneos*]" = "iPhone Developer";
				CODE_SIGN_STYLE = Manual;
				DEVELOPMENT_TEAM = SE9N6X5V7C;
				INFOPLIST_FILE = ContentBlocker/Info.plist;
				IPHONEOS_DEPLOYMENT_TARGET = 9.0;
				LD_RUNPATH_SEARCH_PATHS = "$(inherited) @executable_path/Frameworks @executable_path/../../Frameworks";
				PRODUCT_BUNDLE_IDENTIFIER = com.elaborapp.Blahker.ContentBlocker;
				PRODUCT_NAME = "$(TARGET_NAME)";
				PROVISIONING_PROFILE = "4c28574f-8e35-444d-a6a8-40fdb7d1f1ea";
				PROVISIONING_PROFILE_SPECIFIER = "match Development com.elaborapp.Blahker.ContentBlocker";
				SKIP_INSTALL = YES;
				SWIFT_OPTIMIZATION_LEVEL = "-Owholemodule";
				SWIFT_VERSION = 4.0;
				VERSIONING_SYSTEM = "apple-generic";
			};
			name = Debug;
		};
		6CC9F0CE1DE31341004142AC /* Release */ = {
			isa = XCBuildConfiguration;
			baseConfigurationReference = BF7C19405A324921FD47DE2B /* Pods-ContentBlocker.release.xcconfig */;
			buildSettings = {
				CLANG_WARN_SUSPICIOUS_MOVE = YES;
				CODE_SIGN_IDENTITY = "iPhone Developer";
				"CODE_SIGN_IDENTITY[sdk=iphoneos*]" = "iPhone Distribution";
				CODE_SIGN_STYLE = Manual;
				DEVELOPMENT_TEAM = SE9N6X5V7C;
				INFOPLIST_FILE = ContentBlocker/Info.plist;
				IPHONEOS_DEPLOYMENT_TARGET = 9.0;
				LD_RUNPATH_SEARCH_PATHS = "$(inherited) @executable_path/Frameworks @executable_path/../../Frameworks";
				PRODUCT_BUNDLE_IDENTIFIER = com.elaborapp.Blahker.ContentBlocker;
				PRODUCT_NAME = "$(TARGET_NAME)";
				PROVISIONING_PROFILE = "afac814d-31ed-4b58-9f5e-2ab2a066d551";
				PROVISIONING_PROFILE_SPECIFIER = "match AppStore com.elaborapp.Blahker.ContentBlocker";
				SKIP_INSTALL = YES;
				SWIFT_OPTIMIZATION_LEVEL = "-Owholemodule";
				SWIFT_VERSION = 4.0;
				VERSIONING_SYSTEM = "apple-generic";
			};
			name = Release;
		};
/* End XCBuildConfiguration section */

/* Begin XCConfigurationList section */
		6C8359611DE312FD0033A1BC /* Build configuration list for PBXProject "Blahker" */ = {
			isa = XCConfigurationList;
			buildConfigurations = (
				6C83598C1DE312FE0033A1BC /* Debug */,
				6C83598D1DE312FE0033A1BC /* Release */,
			);
			defaultConfigurationIsVisible = 0;
			defaultConfigurationName = Release;
		};
		6C83598E1DE312FE0033A1BC /* Build configuration list for PBXNativeTarget "Blahker" */ = {
			isa = XCConfigurationList;
			buildConfigurations = (
				6C83598F1DE312FE0033A1BC /* Debug */,
				6C8359901DE312FE0033A1BC /* Release */,
			);
			defaultConfigurationIsVisible = 0;
			defaultConfigurationName = Release;
		};
		6C8359911DE312FE0033A1BC /* Build configuration list for PBXNativeTarget "BlahkerTests" */ = {
			isa = XCConfigurationList;
			buildConfigurations = (
				6C8359921DE312FE0033A1BC /* Debug */,
				6C8359931DE312FE0033A1BC /* Release */,
			);
			defaultConfigurationIsVisible = 0;
			defaultConfigurationName = Release;
		};
		6C8359941DE312FE0033A1BC /* Build configuration list for PBXNativeTarget "BlahkerUITests" */ = {
			isa = XCConfigurationList;
			buildConfigurations = (
				6C8359951DE312FE0033A1BC /* Debug */,
				6C8359961DE312FE0033A1BC /* Release */,
			);
			defaultConfigurationIsVisible = 0;
			defaultConfigurationName = Release;
		};
		6CC9F0CF1DE31341004142AC /* Build configuration list for PBXNativeTarget "ContentBlocker" */ = {
			isa = XCConfigurationList;
			buildConfigurations = (
				6CC9F0CD1DE31341004142AC /* Debug */,
				6CC9F0CE1DE31341004142AC /* Release */,
			);
			defaultConfigurationIsVisible = 0;
			defaultConfigurationName = Release;
		};
/* End XCConfigurationList section */
	};
	rootObject = 6C83595E1DE312FD0033A1BC /* Project object */;
}
